<?xml version="1.0" encoding="utf-8"?>
<Project ToolsVersion="4.0" xmlns="http://schemas.microsoft.com/developer/msbuild/2003">
  <ItemGroup>
    <Filter Include="include\NMTL" />
    <Filter Include="include" />
    <Filter Include="src" />
    <Filter Include="include\NMTL\_morphemeconnect_hook">
      <UniqueIdentifier>{5ff760b9-0243-4dd7-99ad-8bb1c1626e2e}</UniqueIdentifier>
    </Filter>
    <Filter Include="src\hooking">
      <UniqueIdentifier>{93ef4b0d-d23c-44f3-b5d5-37b76cc4742f}</UniqueIdentifier>
    </Filter>
    <Filter Include="src\hooking\dlls">
      <UniqueIdentifier>{4d44a2d8-52a9-4169-a225-689fbc5bfad4}</UniqueIdentifier>
    </Filter>
  </ItemGroup>
  <ItemGroup>
    <ClInclude Include="include\NMTL\algorithm.h">
      <Filter>include\NMTL</Filter>
    </ClInclude>
    <ClInclude Include="include\NMTL\allocator.h">
      <Filter>include\NMTL</Filter>
    </ClInclude>
    <ClInclude Include="include\NMTL\bidirectional_ptrmap.h">
      <Filter>include\NMTL</Filter>
    </ClInclude>
    <ClInclude Include="include\NMTL\container_destroy_method.h">
      <Filter>include\NMTL</Filter>
    </ClInclude>
    <ClInclude Include="include\NMTL\defs.h">
      <Filter>include\NMTL</Filter>
    </ClInclude>
    <ClInclude Include="include\NMTL\deque.h">
      <Filter>include\NMTL</Filter>
    </ClInclude>
    <ClInclude Include="include\NMTL\fixed_free_list.h">
      <Filter>include\NMTL</Filter>
    </ClInclude>
    <ClInclude Include="include\NMTL\hashfunc.h">
      <Filter>include\NMTL</Filter>
    </ClInclude>
    <ClInclude Include="include\NMTL\hashmap_dense_dynamic.h">
      <Filter>include\NMTL</Filter>
    </ClInclude>
    <ClInclude Include="include\NMTL\hashmap_packed_chain.h">
      <Filter>include\NMTL</Filter>
    </ClInclude>
    <ClInclude Include="include\NMTL\intrusive_double_list.h">
      <Filter>include\NMTL</Filter>
    </ClInclude>
    <ClInclude Include="include\NMTL\intrusive_single_list.h">
      <Filter>include\NMTL</Filter>
    </ClInclude>
    <ClInclude Include="include\NMTL\list.h">
      <Filter>include\NMTL</Filter>
    </ClInclude>
    <ClInclude Include="include\NMTL\pod_stack.h">
      <Filter>include\NMTL</Filter>
    </ClInclude>
    <ClInclude Include="include\NMTL\pod_vector.h">
      <Filter>include\NMTL</Filter>
    </ClInclude>
    <ClInclude Include="include\NMTL\set.h">
      <Filter>include\NMTL</Filter>
    </ClInclude>
    <ClInclude Include="include\NMTL\stack.h">
      <Filter>include\NMTL</Filter>
    </ClInclude>
    <ClInclude Include="include\NMTL\string.h">
      <Filter>include\NMTL</Filter>
    </ClInclude>
    <ClInclude Include="include\NMTL\type_utils.h">
      <Filter>include\NMTL</Filter>
    </ClInclude>
    <ClInclude Include="include\NMTL\unique_vector.h">
      <Filter>include\NMTL</Filter>
    </ClInclude>
    <ClInclude Include="include\NMTL\vector.h">
      <Filter>include\NMTL</Filter>
    </ClInclude>
    <ClInclude Include="include\NMTL\vector_iterators.h">
      <Filter>include\NMTL</Filter>
    </ClInclude>
    <ClInclude Include="include\NMTL\vector_preallocated.h">
      <Filter>include\NMTL</Filter>
    </ClInclude>
    <ClCompile Include="src\nmtl.cpp">
      <Filter>src</Filter>
    </ClCompile>
    <ClInclude Include="include\_morphemeconnect_hook\morphemeConnectCore_magicnums.h">
      <Filter>include\NMTL\_morphemeconnect_hook</Filter>
    </ClInclude>
    <ClInclude Include="include\nmhook_common.h">
      <Filter>include</Filter>
    </ClInclude>
    <ClInclude Include="include\_global_hook.h">
      <Filter>include</Filter>
    </ClInclude>
  </ItemGroup>
  <ItemGroup>
    <ClCompile Include="src\nmhook_common.cpp">
      <Filter>src\hooking</Filter>
    </ClCompile>
    <ClCompile Include="src\_EATCore_hook.cpp">
      <Filter>src\hooking\dlls</Filter>
    </ClCompile>
    <ClCompile Include="src\_mcEventDetection_hook.cpp">
      <Filter>src\hooking\dlls</Filter>
    </ClCompile>
    <ClCompile Include="src\_morphemeConnectCore_hook.cpp">
      <Filter>src\hooking\dlls</Filter>
    </ClCompile>
    <ClCompile Include="src\_NMDatabase_hook.cpp">
      <Filter>src\hooking\dlls</Filter>
    </ClCompile>
    <ClCompile Include="src\_NMDatabase2_hook.cpp">
      <Filter>src\hooking\dlls</Filter>
    </ClCompile>
    <ClCompile Include="src\_NMDatabase2UI_hook.cpp">
      <Filter>src\hooking\dlls</Filter>
    </ClCompile>
    <ClCompile Include="src\_NMDatabase2XMLIO_hook.cpp">
      <Filter>src\hooking\dlls</Filter>
    </ClCompile>
    <ClCompile Include="src\_NMDatabaseUI_hook.cpp">
      <Filter>src\hooking\dlls</Filter>
    </ClCompile>
    <ClCompile Include="src\_NMEditors_hook.cpp">
      <Filter>src\hooking\dlls</Filter>
    </ClCompile>
    <ClCompile Include="src\_NMLua_hook.cpp">
      <Filter>src\hooking\dlls</Filter>
    </ClCompile>
    <ClCompile Include="src\_NMLuaUI_hook.cpp">
      <Filter>src\hooking\dlls</Filter>
    </ClCompile>
    <ClCompile Include="src\_NMUtils_hook.cpp">
      <Filter>src\hooking\dlls</Filter>
    </ClCompile>
    <ClCompile Include="src\_NMWidgets_hook.cpp">
      <Filter>src\hooking\dlls</Filter>
    </ClCompile>
    <ClCompile Include="src\_NMX2_hook.cpp">
      <Filter>src\hooking\dlls</Filter>
    </ClCompile>
    <ClCompile Include="src\_NMX2Extensions_hook.cpp">
      <Filter>src\hooking\dlls</Filter>
    </ClCompile>
    <ClCompile Include="src\_NMX2Foundation_hook.cpp">
      <Filter>src\hooking\dlls</Filter>
    </ClCompile>
    <ClCompile Include="src\_NMX2PhysicsExtensions_hook.cpp">
      <Filter>src\hooking\dlls</Filter>
    </ClCompile>
    <ClCompile Include="src\_NMX2UI_hook.cpp">
      <Filter>src\hooking\dlls</Filter>
    </ClCompile>
    <ClCompile Include="src\_NMX2XMD_hook.cpp">
      <Filter>src\hooking\dlls</Filter>
    </ClCompile>
  </ItemGroup>
</Project>